// !$*UTF8*$!
{
	archiveVersion = 1;
	classes = {
	};
	objectVersion = 52;
	objects = {

/* Begin PBXBuildFile section */
		6E7AE02D27044DEC0065525D /* MovieDetailsViewController.swift in Sources */ = {isa = PBXBuildFile; fileRef = 6E7AE02C27044DEC0065525D /* MovieDetailsViewController.swift */; };
		6E7AE02F270456DC0065525D /* MovieGridViewController.swift in Sources */ = {isa = PBXBuildFile; fileRef = 6E7AE02E270456DC0065525D /* MovieGridViewController.swift */; };
		6E7AE03127045A7F0065525D /* MovieGridCell.swift in Sources */ = {isa = PBXBuildFile; fileRef = 6E7AE03027045A7F0065525D /* MovieGridCell.swift */; };
		6E87A0A826FA66E800D10971 /* AlamofireImage in Frameworks */ = {isa = PBXBuildFile; productRef = 6E87A0A726FA66E800D10971 /* AlamofireImage */; };
		6EA4AE7E26F9126D009B3EF1 /* AppDelegate.swift in Sources */ = {isa = PBXBuildFile; fileRef = 6EA4AE7D26F9126D009B3EF1 /* AppDelegate.swift */; };
		6EA4AE8026F9126D009B3EF1 /* SceneDelegate.swift in Sources */ = {isa = PBXBuildFile; fileRef = 6EA4AE7F26F9126D009B3EF1 /* SceneDelegate.swift */; };
		6EA4AE8526F9126D009B3EF1 /* Main.storyboard in Resources */ = {isa = PBXBuildFile; fileRef = 6EA4AE8326F9126D009B3EF1 /* Main.storyboard */; };
		6EA4AE8726F9126E009B3EF1 /* Assets.xcassets in Resources */ = {isa = PBXBuildFile; fileRef = 6EA4AE8626F9126E009B3EF1 /* Assets.xcassets */; };
		6EA4AE8A26F9126E009B3EF1 /* LaunchScreen.storyboard in Resources */ = {isa = PBXBuildFile; fileRef = 6EA4AE8826F9126E009B3EF1 /* LaunchScreen.storyboard */; };
		6EA4AE9526F9126F009B3EF1 /* FlixTests.swift in Sources */ = {isa = PBXBuildFile; fileRef = 6EA4AE9426F9126F009B3EF1 /* FlixTests.swift */; };
		6EA4AEA026F9126F009B3EF1 /* FlixUITests.swift in Sources */ = {isa = PBXBuildFile; fileRef = 6EA4AE9F26F9126F009B3EF1 /* FlixUITests.swift */; };
		6EA4AEAE26F912B6009B3EF1 /* MoviesViewController.swift in Sources */ = {isa = PBXBuildFile; fileRef = 6EA4AEAD26F912B6009B3EF1 /* MoviesViewController.swift */; };
		6EA4AEB026F91965009B3EF1 /* MovieCell.swift in Sources */ = {isa = PBXBuildFile; fileRef = 6EA4AEAF26F91965009B3EF1 /* MovieCell.swift */; };
		7C9CE67B1F19F91604BABEE9 /* Pods_Flix_FlixUITests.framework in Frameworks */ = {isa = PBXBuildFile; fileRef = E76D4E8A24E62209D9679739 /* Pods_Flix_FlixUITests.framework */; };
		82C169D9A289EE927C023146 /* Pods_Flix.framework in Frameworks */ = {isa = PBXBuildFile; fileRef = E5E068693F74E96E55EC608E /* Pods_Flix.framework */; };
		9B79017B7DCED4F7ECDAD62D /* Pods_FlixTests.framework in Frameworks */ = {isa = PBXBuildFile; fileRef = 8CAA005EFD7567BC489C5766 /* Pods_FlixTests.framework */; };
/* End PBXBuildFile section */

/* Begin PBXContainerItemProxy section */
		6EA4AE9126F9126F009B3EF1 /* PBXContainerItemProxy */ = {
			isa = PBXContainerItemProxy;
			containerPortal = 6EA4AE7226F9126D009B3EF1 /* Project object */;
			proxyType = 1;
			remoteGlobalIDString = 6EA4AE7926F9126D009B3EF1;
			remoteInfo = Flix;
		};
		6EA4AE9C26F9126F009B3EF1 /* PBXContainerItemProxy */ = {
			isa = PBXContainerItemProxy;
			containerPortal = 6EA4AE7226F9126D009B3EF1 /* Project object */;
			proxyType = 1;
			remoteGlobalIDString = 6EA4AE7926F9126D009B3EF1;
			remoteInfo = Flix;
		};
/* End PBXContainerItemProxy section */

/* Begin PBXFileReference section */
		0237113474ACEEBF4A62B2CC /* Pods-Flix-FlixUITests.debug.xcconfig */ = {isa = PBXFileReference; includeInIndex = 1; lastKnownFileType = text.xcconfig; name = "Pods-Flix-FlixUITests.debug.xcconfig"; path = "Target Support Files/Pods-Flix-FlixUITests/Pods-Flix-FlixUITests.debug.xcconfig"; sourceTree = "<group>"; };
		15FFBF14A5345194C70ACFC7 /* Pods-Flix.release.xcconfig */ = {isa = PBXFileReference; includeInIndex = 1; lastKnownFileType = text.xcconfig; name = "Pods-Flix.release.xcconfig"; path = "Target Support Files/Pods-Flix/Pods-Flix.release.xcconfig"; sourceTree = "<group>"; };
		453CA6BAE18E5F6DF1F28A86 /* Pods-FlixTests.release.xcconfig */ = {isa = PBXFileReference; includeInIndex = 1; lastKnownFileType = text.xcconfig; name = "Pods-FlixTests.release.xcconfig"; path = "Target Support Files/Pods-FlixTests/Pods-FlixTests.release.xcconfig"; sourceTree = "<group>"; };
		4E44B6B27E69F499927A62DB /* Pods-Flix.debug.xcconfig */ = {isa = PBXFileReference; includeInIndex = 1; lastKnownFileType = text.xcconfig; name = "Pods-Flix.debug.xcconfig"; path = "Target Support Files/Pods-Flix/Pods-Flix.debug.xcconfig"; sourceTree = "<group>"; };
		644884BFA7C5179F88A7A50B /* Pods-FlixTests.debug.xcconfig */ = {isa = PBXFileReference; includeInIndex = 1; lastKnownFileType = text.xcconfig; name = "Pods-FlixTests.debug.xcconfig"; path = "Target Support Files/Pods-FlixTests/Pods-FlixTests.debug.xcconfig"; sourceTree = "<group>"; };
		6E7AE02C27044DEC0065525D /* MovieDetailsViewController.swift */ = {isa = PBXFileReference; lastKnownFileType = sourcecode.swift; path = MovieDetailsViewController.swift; sourceTree = "<group>"; };
		6E7AE02E270456DC0065525D /* MovieGridViewController.swift */ = {isa = PBXFileReference; lastKnownFileType = sourcecode.swift; path = MovieGridViewController.swift; sourceTree = "<group>"; };
		6E7AE03027045A7F0065525D /* MovieGridCell.swift */ = {isa = PBXFileReference; lastKnownFileType = sourcecode.swift; path = MovieGridCell.swift; sourceTree = "<group>"; };
		6EA4AE7A26F9126D009B3EF1 /* Flix.app */ = {isa = PBXFileReference; explicitFileType = wrapper.application; includeInIndex = 0; path = Flix.app; sourceTree = BUILT_PRODUCTS_DIR; };
		6EA4AE7D26F9126D009B3EF1 /* AppDelegate.swift */ = {isa = PBXFileReference; lastKnownFileType = sourcecode.swift; path = AppDelegate.swift; sourceTree = "<group>"; };
		6EA4AE7F26F9126D009B3EF1 /* SceneDelegate.swift */ = {isa = PBXFileReference; lastKnownFileType = sourcecode.swift; path = SceneDelegate.swift; sourceTree = "<group>"; };
		6EA4AE8426F9126D009B3EF1 /* Base */ = {isa = PBXFileReference; lastKnownFileType = file.storyboard; name = Base; path = Base.lproj/Main.storyboard; sourceTree = "<group>"; };
		6EA4AE8626F9126E009B3EF1 /* Assets.xcassets */ = {isa = PBXFileReference; lastKnownFileType = folder.assetcatalog; path = Assets.xcassets; sourceTree = "<group>"; };
		6EA4AE8926F9126E009B3EF1 /* Base */ = {isa = PBXFileReference; lastKnownFileType = file.storyboard; name = Base; path = Base.lproj/LaunchScreen.storyboard; sourceTree = "<group>"; };
		6EA4AE8B26F9126E009B3EF1 /* Info.plist */ = {isa = PBXFileReference; lastKnownFileType = text.plist.xml; path = Info.plist; sourceTree = "<group>"; };
		6EA4AE9026F9126F009B3EF1 /* FlixTests.xctest */ = {isa = PBXFileReference; explicitFileType = wrapper.cfbundle; includeInIndex = 0; path = FlixTests.xctest; sourceTree = BUILT_PRODUCTS_DIR; };
		6EA4AE9426F9126F009B3EF1 /* FlixTests.swift */ = {isa = PBXFileReference; lastKnownFileType = sourcecode.swift; path = FlixTests.swift; sourceTree = "<group>"; };
		6EA4AE9626F9126F009B3EF1 /* Info.plist */ = {isa = PBXFileReference; lastKnownFileType = text.plist.xml; path = Info.plist; sourceTree = "<group>"; };
		6EA4AE9B26F9126F009B3EF1 /* FlixUITests.xctest */ = {isa = PBXFileReference; explicitFileType = wrapper.cfbundle; includeInIndex = 0; path = FlixUITests.xctest; sourceTree = BUILT_PRODUCTS_DIR; };
		6EA4AE9F26F9126F009B3EF1 /* FlixUITests.swift */ = {isa = PBXFileReference; lastKnownFileType = sourcecode.swift; path = FlixUITests.swift; sourceTree = "<group>"; };
		6EA4AEA126F9126F009B3EF1 /* Info.plist */ = {isa = PBXFileReference; lastKnownFileType = text.plist.xml; path = Info.plist; sourceTree = "<group>"; };
		6EA4AEAD26F912B6009B3EF1 /* MoviesViewController.swift */ = {isa = PBXFileReference; lastKnownFileType = sourcecode.swift; path = MoviesViewController.swift; sourceTree = "<group>"; };
		6EA4AEAF26F91965009B3EF1 /* MovieCell.swift */ = {isa = PBXFileReference; lastKnownFileType = sourcecode.swift; path = MovieCell.swift; sourceTree = "<group>"; };
		8CAA005EFD7567BC489C5766 /* Pods_FlixTests.framework */ = {isa = PBXFileReference; explicitFileType = wrapper.framework; includeInIndex = 0; path = Pods_FlixTests.framework; sourceTree = BUILT_PRODUCTS_DIR; };
		C40933FF38C67B5CCB066F04 /* Pods-Flix-FlixUITests.release.xcconfig */ = {isa = PBXFileReference; includeInIndex = 1; lastKnownFileType = text.xcconfig; name = "Pods-Flix-FlixUITests.release.xcconfig"; path = "Target Support Files/Pods-Flix-FlixUITests/Pods-Flix-FlixUITests.release.xcconfig"; sourceTree = "<group>"; };
		E5E068693F74E96E55EC608E /* Pods_Flix.framework */ = {isa = PBXFileReference; explicitFileType = wrapper.framework; includeInIndex = 0; path = Pods_Flix.framework; sourceTree = BUILT_PRODUCTS_DIR; };
		E76D4E8A24E62209D9679739 /* Pods_Flix_FlixUITests.framework */ = {isa = PBXFileReference; explicitFileType = wrapper.framework; includeInIndex = 0; path = Pods_Flix_FlixUITests.framework; sourceTree = BUILT_PRODUCTS_DIR; };
/* End PBXFileReference section */

/* Begin PBXFrameworksBuildPhase section */
		6EA4AE7726F9126D009B3EF1 /* Frameworks */ = {
			isa = PBXFrameworksBuildPhase;
			buildActionMask = 2147483647;
			files = (
				6E87A0A826FA66E800D10971 /* AlamofireImage in Frameworks */,
				82C169D9A289EE927C023146 /* Pods_Flix.framework in Frameworks */,
			);
			runOnlyForDeploymentPostprocessing = 0;
		};
		6EA4AE8D26F9126F009B3EF1 /* Frameworks */ = {
			isa = PBXFrameworksBuildPhase;
			buildActionMask = 2147483647;
			files = (
				9B79017B7DCED4F7ECDAD62D /* Pods_FlixTests.framework in Frameworks */,
			);
			runOnlyForDeploymentPostprocessing = 0;
		};
		6EA4AE9826F9126F009B3EF1 /* Frameworks */ = {
			isa = PBXFrameworksBuildPhase;
			buildActionMask = 2147483647;
			files = (
				7C9CE67B1F19F91604BABEE9 /* Pods_Flix_FlixUITests.framework in Frameworks */,
			);
			runOnlyForDeploymentPostprocessing = 0;
		};
/* End PBXFrameworksBuildPhase section */

/* Begin PBXGroup section */
		6EA4AE7126F9126D009B3EF1 = {
			isa = PBXGroup;
			children = (
				6EA4AE7C26F9126D009B3EF1 /* Flix */,
				6EA4AE9326F9126F009B3EF1 /* FlixTests */,
				6EA4AE9E26F9126F009B3EF1 /* FlixUITests */,
				6EA4AE7B26F9126D009B3EF1 /* Products */,
				8F640162B3D0B6D353680A78 /* Pods */,
				D6608EF8D6B520F47DDF5B81 /* Frameworks */,
			);
			sourceTree = "<group>";
		};
		6EA4AE7B26F9126D009B3EF1 /* Products */ = {
			isa = PBXGroup;
			children = (
				6EA4AE7A26F9126D009B3EF1 /* Flix.app */,
				6EA4AE9026F9126F009B3EF1 /* FlixTests.xctest */,
				6EA4AE9B26F9126F009B3EF1 /* FlixUITests.xctest */,
			);
			name = Products;
			sourceTree = "<group>";
		};
		6EA4AE7C26F9126D009B3EF1 /* Flix */ = {
			isa = PBXGroup;
			children = (
				6EA4AE7D26F9126D009B3EF1 /* AppDelegate.swift */,
				6EA4AE7F26F9126D009B3EF1 /* SceneDelegate.swift */,
				6EA4AEAD26F912B6009B3EF1 /* MoviesViewController.swift */,
				6EA4AEAF26F91965009B3EF1 /* MovieCell.swift */,
				6EA4AE8326F9126D009B3EF1 /* Main.storyboard */,
				6EA4AE8626F9126E009B3EF1 /* Assets.xcassets */,
				6EA4AE8826F9126E009B3EF1 /* LaunchScreen.storyboard */,
				6EA4AE8B26F9126E009B3EF1 /* Info.plist */,
				6E7AE02C27044DEC0065525D /* MovieDetailsViewController.swift */,
				6E7AE02E270456DC0065525D /* MovieGridViewController.swift */,
				6E7AE03027045A7F0065525D /* MovieGridCell.swift */,
			);
			path = Flix;
			sourceTree = "<group>";
		};
		6EA4AE9326F9126F009B3EF1 /* FlixTests */ = {
			isa = PBXGroup;
			children = (
				6EA4AE9426F9126F009B3EF1 /* FlixTests.swift */,
				6EA4AE9626F9126F009B3EF1 /* Info.plist */,
			);
			path = FlixTests;
			sourceTree = "<group>";
		};
		6EA4AE9E26F9126F009B3EF1 /* FlixUITests */ = {
			isa = PBXGroup;
			children = (
				6EA4AE9F26F9126F009B3EF1 /* FlixUITests.swift */,
				6EA4AEA126F9126F009B3EF1 /* Info.plist */,
			);
			path = FlixUITests;
			sourceTree = "<group>";
		};
		8F640162B3D0B6D353680A78 /* Pods */ = {
			isa = PBXGroup;
			children = (
				4E44B6B27E69F499927A62DB /* Pods-Flix.debug.xcconfig */,
				15FFBF14A5345194C70ACFC7 /* Pods-Flix.release.xcconfig */,
				0237113474ACEEBF4A62B2CC /* Pods-Flix-FlixUITests.debug.xcconfig */,
				C40933FF38C67B5CCB066F04 /* Pods-Flix-FlixUITests.release.xcconfig */,
				644884BFA7C5179F88A7A50B /* Pods-FlixTests.debug.xcconfig */,
				453CA6BAE18E5F6DF1F28A86 /* Pods-FlixTests.release.xcconfig */,
			);
			path = Pods;
			sourceTree = "<group>";
		};
		D6608EF8D6B520F47DDF5B81 /* Frameworks */ = {
			isa = PBXGroup;
			children = (
				E5E068693F74E96E55EC608E /* Pods_Flix.framework */,
				E76D4E8A24E62209D9679739 /* Pods_Flix_FlixUITests.framework */,
				8CAA005EFD7567BC489C5766 /* Pods_FlixTests.framework */,
			);
			name = Frameworks;
			sourceTree = "<group>";
		};
/* End PBXGroup section */

/* Begin PBXNativeTarget section */
		6EA4AE7926F9126D009B3EF1 /* Flix */ = {
			isa = PBXNativeTarget;
			buildConfigurationList = 6EA4AEA426F9126F009B3EF1 /* Build configuration list for PBXNativeTarget "Flix" */;
			buildPhases = (
				632E6F646CFE4CF2537ED4FC /* [CP] Check Pods Manifest.lock */,
				6EA4AE7626F9126D009B3EF1 /* Sources */,
				6EA4AE7726F9126D009B3EF1 /* Frameworks */,
				6EA4AE7826F9126D009B3EF1 /* Resources */,
				ACF75D62E100D540D5A456D4 /* [CP] Embed Pods Frameworks */,
			);
			buildRules = (
			);
			dependencies = (
			);
			name = Flix;
			packageProductDependencies = (
				6E87A0A726FA66E800D10971 /* AlamofireImage */,
			);
			productName = Flix;
			productReference = 6EA4AE7A26F9126D009B3EF1 /* Flix.app */;
			productType = "com.apple.product-type.application";
		};
		6EA4AE8F26F9126F009B3EF1 /* FlixTests */ = {
			isa = PBXNativeTarget;
			buildConfigurationList = 6EA4AEA726F9126F009B3EF1 /* Build configuration list for PBXNativeTarget "FlixTests" */;
			buildPhases = (
				D862ABECC932C063587C70ED /* [CP] Check Pods Manifest.lock */,
				6EA4AE8C26F9126F009B3EF1 /* Sources */,
				6EA4AE8D26F9126F009B3EF1 /* Frameworks */,
				6EA4AE8E26F9126F009B3EF1 /* Resources */,
			);
			buildRules = (
			);
			dependencies = (
				6EA4AE9226F9126F009B3EF1 /* PBXTargetDependency */,
			);
			name = FlixTests;
			productName = FlixTests;
			productReference = 6EA4AE9026F9126F009B3EF1 /* FlixTests.xctest */;
			productType = "com.apple.product-type.bundle.unit-test";
		};
		6EA4AE9A26F9126F009B3EF1 /* FlixUITests */ = {
			isa = PBXNativeTarget;
			buildConfigurationList = 6EA4AEAA26F9126F009B3EF1 /* Build configuration list for PBXNativeTarget "FlixUITests" */;
			buildPhases = (
				EEC4D5B67E8D93D951F78581 /* [CP] Check Pods Manifest.lock */,
				6EA4AE9726F9126F009B3EF1 /* Sources */,
				6EA4AE9826F9126F009B3EF1 /* Frameworks */,
				6EA4AE9926F9126F009B3EF1 /* Resources */,
				53795005F98D9179D880CEF9 /* [CP] Embed Pods Frameworks */,
			);
			buildRules = (
			);
			dependencies = (
				6EA4AE9D26F9126F009B3EF1 /* PBXTargetDependency */,
			);
			name = FlixUITests;
			productName = FlixUITests;
			productReference = 6EA4AE9B26F9126F009B3EF1 /* FlixUITests.xctest */;
			productType = "com.apple.product-type.bundle.ui-testing";
		};
/* End PBXNativeTarget section */

/* Begin PBXProject section */
		6EA4AE7226F9126D009B3EF1 /* Project object */ = {
			isa = PBXProject;
			attributes = {
				LastSwiftUpdateCheck = 1130;
				LastUpgradeCheck = 1130;
				ORGANIZATIONNAME = NYUAD;
				TargetAttributes = {
					6EA4AE7926F9126D009B3EF1 = {
						CreatedOnToolsVersion = 11.3.1;
					};
					6EA4AE8F26F9126F009B3EF1 = {
						CreatedOnToolsVersion = 11.3.1;
						TestTargetID = 6EA4AE7926F9126D009B3EF1;
					};
					6EA4AE9A26F9126F009B3EF1 = {
						CreatedOnToolsVersion = 11.3.1;
						TestTargetID = 6EA4AE7926F9126D009B3EF1;
					};
				};
			};
			buildConfigurationList = 6EA4AE7526F9126D009B3EF1 /* Build configuration list for PBXProject "Flix" */;
			compatibilityVersion = "Xcode 9.3";
			developmentRegion = en;
			hasScannedForEncodings = 0;
			knownRegions = (
				en,
				Base,
			);
			mainGroup = 6EA4AE7126F9126D009B3EF1;
			packageReferences = (
				6E87A0A626FA66E800D10971 /* XCRemoteSwiftPackageReference "AlamofireImage" */,
			);
			productRefGroup = 6EA4AE7B26F9126D009B3EF1 /* Products */;
			projectDirPath = "";
			projectRoot = "";
			targets = (
				6EA4AE7926F9126D009B3EF1 /* Flix */,
				6EA4AE8F26F9126F009B3EF1 /* FlixTests */,
				6EA4AE9A26F9126F009B3EF1 /* FlixUITests */,
			);
		};
/* End PBXProject section */

/* Begin PBXResourcesBuildPhase section */
		6EA4AE7826F9126D009B3EF1 /* Resources */ = {
			isa = PBXResourcesBuildPhase;
			buildActionMask = 2147483647;
			files = (
				6EA4AE8A26F9126E009B3EF1 /* LaunchScreen.storyboard in Resources */,
				6EA4AE8726F9126E009B3EF1 /* Assets.xcassets in Resources */,
				6EA4AE8526F9126D009B3EF1 /* Main.storyboard in Resources */,
			);
			runOnlyForDeploymentPostprocessing = 0;
		};
		6EA4AE8E26F9126F009B3EF1 /* Resources */ = {
			isa = PBXResourcesBuildPhase;
			buildActionMask = 2147483647;
			files = (
			);
			runOnlyForDeploymentPostprocessing = 0;
		};
		6EA4AE9926F9126F009B3EF1 /* Resources */ = {
			isa = PBXResourcesBuildPhase;
			buildActionMask = 2147483647;
			files = (
			);
			runOnlyForDeploymentPostprocessing = 0;
		};
/* End PBXResourcesBuildPhase section */

/* Begin PBXShellScriptBuildPhase section */
		53795005F98D9179D880CEF9 /* [CP] Embed Pods Frameworks */ = {
			isa = PBXShellScriptBuildPhase;
			buildActionMask = 2147483647;
			files = (
			);
			inputFileListPaths = (
				"${PODS_ROOT}/Target Support Files/Pods-Flix-FlixUITests/Pods-Flix-FlixUITests-frameworks-${CONFIGURATION}-input-files.xcfilelist",
			);
			name = "[CP] Embed Pods Frameworks";
			outputFileListPaths = (
				"${PODS_ROOT}/Target Support Files/Pods-Flix-FlixUITests/Pods-Flix-FlixUITests-frameworks-${CONFIGURATION}-output-files.xcfilelist",
			);
			runOnlyForDeploymentPostprocessing = 0;
			shellPath = /bin/sh;
			shellScript = "\"${PODS_ROOT}/Target Support Files/Pods-Flix-FlixUITests/Pods-Flix-FlixUITests-frameworks.sh\"\n";
			showEnvVarsInLog = 0;
		};
		632E6F646CFE4CF2537ED4FC /* [CP] Check Pods Manifest.lock */ = {
			isa = PBXShellScriptBuildPhase;
			buildActionMask = 2147483647;
			files = (
			);
			inputFileListPaths = (
			);
			inputPaths = (
				"${PODS_PODFILE_DIR_PATH}/Podfile.lock",
				"${PODS_ROOT}/Manifest.lock",
			);
			name = "[CP] Check Pods Manifest.lock";
			outputFileListPaths = (
			);
			outputPaths = (
				"$(DERIVED_FILE_DIR)/Pods-Flix-checkManifestLockResult.txt",
			);
			runOnlyForDeploymentPostprocessing = 0;
			shellPath = /bin/sh;
			shellScript = "diff \"${PODS_PODFILE_DIR_PATH}/Podfile.lock\" \"${PODS_ROOT}/Manifest.lock\" > /dev/null\nif [ $? != 0 ] ; then\n    # print error to STDERR\n    echo \"error: The sandbox is not in sync with the Podfile.lock. Run 'pod install' or update your CocoaPods installation.\" >&2\n    exit 1\nfi\n# This output is used by Xcode 'outputs' to avoid re-running this script phase.\necho \"SUCCESS\" > \"${SCRIPT_OUTPUT_FILE_0}\"\n";
			showEnvVarsInLog = 0;
		};
		ACF75D62E100D540D5A456D4 /* [CP] Embed Pods Frameworks */ = {
			isa = PBXShellScriptBuildPhase;
			buildActionMask = 2147483647;
			files = (
			);
			inputFileListPaths = (
				"${PODS_ROOT}/Target Support Files/Pods-Flix/Pods-Flix-frameworks-${CONFIGURATION}-input-files.xcfilelist",
			);
			name = "[CP] Embed Pods Frameworks";
			outputFileListPaths = (
				"${PODS_ROOT}/Target Support Files/Pods-Flix/Pods-Flix-frameworks-${CONFIGURATION}-output-files.xcfilelist",
			);
			runOnlyForDeploymentPostprocessing = 0;
			shellPath = /bin/sh;
			shellScript = "\"${PODS_ROOT}/Target Support Files/Pods-Flix/Pods-Flix-frameworks.sh\"\n";
			showEnvVarsInLog = 0;
		};
		D862ABECC932C063587C70ED /* [CP] Check Pods Manifest.lock */ = {
			isa = PBXShellScriptBuildPhase;
			buildActionMask = 2147483647;
			files = (
			);
			inputFileListPaths = (
			);
			inputPaths = (
				"${PODS_PODFILE_DIR_PATH}/Podfile.lock",
				"${PODS_ROOT}/Manifest.lock",
			);
			name = "[CP] Check Pods Manifest.lock";
			outputFileListPaths = (
			);
			outputPaths = (
				"$(DERIVED_FILE_DIR)/Pods-FlixTests-checkManifestLockResult.txt",
			);
			runOnlyForDeploymentPostprocessing = 0;
			shellPath = /bin/sh;
			shellScript = "diff \"${PODS_PODFILE_DIR_PATH}/Podfile.lock\" \"${PODS_ROOT}/Manifest.lock\" > /dev/null\nif [ $? != 0 ] ; then\n    # print error to STDERR\n    echo \"error: The sandbox is not in sync with the Podfile.lock. Run 'pod install' or update your CocoaPods installation.\" >&2\n    exit 1\nfi\n# This output is used by Xcode 'outputs' to avoid re-running this script phase.\necho \"SUCCESS\" > \"${SCRIPT_OUTPUT_FILE_0}\"\n";
			showEnvVarsInLog = 0;
		};
		EEC4D5B67E8D93D951F78581 /* [CP] Check Pods Manifest.lock */ = {
			isa = PBXShellScriptBuildPhase;
			buildActionMask = 2147483647;
			files = (
			);
			inputFileListPaths = (
			);
			inputPaths = (
				"${PODS_PODFILE_DIR_PATH}/Podfile.lock",
				"${PODS_ROOT}/Manifest.lock",
			);
			name = "[CP] Check Pods Manifest.lock";
			outputFileListPaths = (
			);
			outputPaths = (
				"$(DERIVED_FILE_DIR)/Pods-Flix-FlixUITests-checkManifestLockResult.txt",
			);
			runOnlyForDeploymentPostprocessing = 0;
			shellPath = /bin/sh;
			shellScript = "diff \"${PODS_PODFILE_DIR_PATH}/Podfile.lock\" \"${PODS_ROOT}/Manifest.lock\" > /dev/null\nif [ $? != 0 ] ; then\n    # print error to STDERR\n    echo \"error: The sandbox is not in sync with the Podfile.lock. Run 'pod install' or update your CocoaPods installation.\" >&2\n    exit 1\nfi\n# This output is used by Xcode 'outputs' to avoid re-running this script phase.\necho \"SUCCESS\" > \"${SCRIPT_OUTPUT_FILE_0}\"\n";
			showEnvVarsInLog = 0;
		};
/* End PBXShellScriptBuildPhase section */

/* Begin PBXSourcesBuildPhase section */
		6EA4AE7626F9126D009B3EF1 /* Sources */ = {
			isa = PBXSourcesBuildPhase;
			buildActionMask = 2147483647;
			files = (
				6E7AE02D27044DEC0065525D /* MovieDetailsViewController.swift in Sources */,
				6EA4AE7E26F9126D009B3EF1 /* AppDelegate.swift in Sources */,
				6EA4AE8026F9126D009B3EF1 /* SceneDelegate.swift in Sources */,
				6EA4AEB026F91965009B3EF1 /* MovieCell.swift in Sources */,
				6EA4AEAE26F912B6009B3EF1 /* MoviesViewController.swift in Sources */,
				6E7AE02F270456DC0065525D /* MovieGridViewController.swift in Sources */,
				6E7AE03127045A7F0065525D /* MovieGridCell.swift in Sources */,
			);
			runOnlyForDeploymentPostprocessing = 0;
		};
		6EA4AE8C26F9126F009B3EF1 /* Sources */ = {
			isa = PBXSourcesBuildPhase;
			buildActionMask = 2147483647;
			files = (
				6EA4AE9526F9126F009B3EF1 /* FlixTests.swift in Sources */,
			);
			runOnlyForDeploymentPostprocessing = 0;
		};
		6EA4AE9726F9126F009B3EF1 /* Sources */ = {
			isa = PBXSourcesBuildPhase;
			buildActionMask = 2147483647;
			files = (
				6EA4AEA026F9126F009B3EF1 /* FlixUITests.swift in Sources */,
			);
			runOnlyForDeploymentPostprocessing = 0;
		};
/* End PBXSourcesBuildPhase section */

/* Begin PBXTargetDependency section */
		6EA4AE9226F9126F009B3EF1 /* PBXTargetDependency */ = {
			isa = PBXTargetDependency;
			target = 6EA4AE7926F9126D009B3EF1 /* Flix */;
			targetProxy = 6EA4AE9126F9126F009B3EF1 /* PBXContainerItemProxy */;
		};
		6EA4AE9D26F9126F009B3EF1 /* PBXTargetDependency */ = {
			isa = PBXTargetDependency;
			target = 6EA4AE7926F9126D009B3EF1 /* Flix */;
			targetProxy = 6EA4AE9C26F9126F009B3EF1 /* PBXContainerItemProxy */;
		};
/* End PBXTargetDependency section */

/* Begin PBXVariantGroup section */
		6EA4AE8326F9126D009B3EF1 /* Main.storyboard */ = {
			isa = PBXVariantGroup;
			children = (
				6EA4AE8426F9126D009B3EF1 /* Base */,
			);
			name = Main.storyboard;
			sourceTree = "<group>";
		};
		6EA4AE8826F9126E009B3EF1 /* LaunchScreen.storyboard */ = {
			isa = PBXVariantGroup;
			children = (
				6EA4AE8926F9126E009B3EF1 /* Base */,
			);
			name = LaunchScreen.storyboard;
			sourceTree = "<group>";
		};
/* End PBXVariantGroup section */

/* Begin XCBuildConfiguration section */
		6EA4AEA226F9126F009B3EF1 /* Debug */ = {
			isa = XCBuildConfiguration;
			buildSettings = {
				ALWAYS_SEARCH_USER_PATHS = NO;
				CLANG_ANALYZER_NONNULL = YES;
				CLANG_ANALYZER_NUMBER_OBJECT_CONVERSION = YES_AGGRESSIVE;
				CLANG_CXX_LANGUAGE_STANDARD = "gnu++14";
				CLANG_CXX_LIBRARY = "libc++";
				CLANG_ENABLE_MODULES = YES;
				CLANG_ENABLE_OBJC_ARC = YES;
				CLANG_ENABLE_OBJC_WEAK = YES;
				CLANG_WARN_BLOCK_CAPTURE_AUTORELEASING = YES;
				CLANG_WARN_BOOL_CONVERSION = YES;
				CLANG_WARN_COMMA = YES;
				CLANG_WARN_CONSTANT_CONVERSION = YES;
				CLANG_WARN_DEPRECATED_OBJC_IMPLEMENTATIONS = YES;
				CLANG_WARN_DIRECT_OBJC_ISA_USAGE = YES_ERROR;
				CLANG_WARN_DOCUMENTATION_COMMENTS = YES;
				CLANG_WARN_EMPTY_BODY = YES;
				CLANG_WARN_ENUM_CONVERSION = YES;
				CLANG_WARN_INFINITE_RECURSION = YES;
				CLANG_WARN_INT_CONVERSION = YES;
				CLANG_WARN_NON_LITERAL_NULL_CONVERSION = YES;
				CLANG_WARN_OBJC_IMPLICIT_RETAIN_SELF = YES;
				CLANG_WARN_OBJC_LITERAL_CONVERSION = YES;
				CLANG_WARN_OBJC_ROOT_CLASS = YES_ERROR;
				CLANG_WARN_RANGE_LOOP_ANALYSIS = YES;
				CLANG_WARN_STRICT_PROTOTYPES = YES;
				CLANG_WARN_SUSPICIOUS_MOVE = YES;
				CLANG_WARN_UNGUARDED_AVAILABILITY = YES_AGGRESSIVE;
				CLANG_WARN_UNREACHABLE_CODE = YES;
				CLANG_WARN__DUPLICATE_METHOD_MATCH = YES;
				COPY_PHASE_STRIP = NO;
				DEBUG_INFORMATION_FORMAT = dwarf;
				ENABLE_STRICT_OBJC_MSGSEND = YES;
				ENABLE_TESTABILITY = YES;
				GCC_C_LANGUAGE_STANDARD = gnu11;
				GCC_DYNAMIC_NO_PIC = NO;
				GCC_NO_COMMON_BLOCKS = YES;
				GCC_OPTIMIZATION_LEVEL = 0;
				GCC_PREPROCESSOR_DEFINITIONS = (
					"DEBUG=1",
					"$(inherited)",
				);
				GCC_WARN_64_TO_32_BIT_CONVERSION = YES;
				GCC_WARN_ABOUT_RETURN_TYPE = YES_ERROR;
				GCC_WARN_UNDECLARED_SELECTOR = YES;
				GCC_WARN_UNINITIALIZED_AUTOS = YES_AGGRESSIVE;
				GCC_WARN_UNUSED_FUNCTION = YES;
				GCC_WARN_UNUSED_VARIABLE = YES;
				IPHONEOS_DEPLOYMENT_TARGET = 13.2;
				MTL_ENABLE_DEBUG_INFO = INCLUDE_SOURCE;
				MTL_FAST_MATH = YES;
				ONLY_ACTIVE_ARCH = YES;
				SDKROOT = iphoneos;
				SWIFT_ACTIVE_COMPILATION_CONDITIONS = DEBUG;
				SWIFT_OPTIMIZATION_LEVEL = "-Onone";
			};
			name = Debug;
		};
		6EA4AEA326F9126F009B3EF1 /* Release */ = {
			isa = XCBuildConfiguration;
			buildSettings = {
				ALWAYS_SEARCH_USER_PATHS = NO;
				CLANG_ANALYZER_NONNULL = YES;
				CLANG_ANALYZER_NUMBER_OBJECT_CONVERSION = YES_AGGRESSIVE;
				CLANG_CXX_LANGUAGE_STANDARD = "gnu++14";
				CLANG_CXX_LIBRARY = "libc++";
				CLANG_ENABLE_MODULES = YES;
				CLANG_ENABLE_OBJC_ARC = YES;
				CLANG_ENABLE_OBJC_WEAK = YES;
				CLANG_WARN_BLOCK_CAPTURE_AUTORELEASING = YES;
				CLANG_WARN_BOOL_CONVERSION = YES;
				CLANG_WARN_COMMA = YES;
				CLANG_WARN_CONSTANT_CONVERSION = YES;
				CLANG_WARN_DEPRECATED_OBJC_IMPLEMENTATIONS = YES;
				CLANG_WARN_DIRECT_OBJC_ISA_USAGE = YES_ERROR;
				CLANG_WARN_DOCUMENTATION_COMMENTS = YES;
				CLANG_WARN_EMPTY_BODY = YES;
				CLANG_WARN_ENUM_CONVERSION = YES;
				CLANG_WARN_INFINITE_RECURSION = YES;
				CLANG_WARN_INT_CONVERSION = YES;
				CLANG_WARN_NON_LITERAL_NULL_CONVERSION = YES;
				CLANG_WARN_OBJC_IMPLICIT_RETAIN_SELF = YES;
				CLANG_WARN_OBJC_LITERAL_CONVERSION = YES;
				CLANG_WARN_OBJC_ROOT_CLASS = YES_ERROR;
				CLANG_WARN_RANGE_LOOP_ANALYSIS = YES;
				CLANG_WARN_STRICT_PROTOTYPES = YES;
				CLANG_WARN_SUSPICIOUS_MOVE = YES;
				CLANG_WARN_UNGUARDED_AVAILABILITY = YES_AGGRESSIVE;
				CLANG_WARN_UNREACHABLE_CODE = YES;
				CLANG_WARN__DUPLICATE_METHOD_MATCH = YES;
				COPY_PHASE_STRIP = NO;
				DEBUG_INFORMATION_FORMAT = "dwarf-with-dsym";
				ENABLE_NS_ASSERTIONS = NO;
				ENABLE_STRICT_OBJC_MSGSEND = YES;
				GCC_C_LANGUAGE_STANDARD = gnu11;
				GCC_NO_COMMON_BLOCKS = YES;
				GCC_WARN_64_TO_32_BIT_CONVERSION = YES;
				GCC_WARN_ABOUT_RETURN_TYPE = YES_ERROR;
				GCC_WARN_UNDECLARED_SELECTOR = YES;
				GCC_WARN_UNINITIALIZED_AUTOS = YES_AGGRESSIVE;
				GCC_WARN_UNUSED_FUNCTION = YES;
				GCC_WARN_UNUSED_VARIABLE = YES;
				IPHONEOS_DEPLOYMENT_TARGET = 13.2;
				MTL_ENABLE_DEBUG_INFO = NO;
				MTL_FAST_MATH = YES;
				SDKROOT = iphoneos;
				SWIFT_COMPILATION_MODE = wholemodule;
				SWIFT_OPTIMIZATION_LEVEL = "-O";
				VALIDATE_PRODUCT = YES;
			};
			name = Release;
		};
		6EA4AEA526F9126F009B3EF1 /* Debug */ = {
			isa = XCBuildConfiguration;
			baseConfigurationReference = 4E44B6B27E69F499927A62DB /* Pods-Flix.debug.xcconfig */;
			buildSettings = {
				ASSETCATALOG_COMPILER_APPICON_NAME = AppIcon;
				CODE_SIGN_STYLE = Automatic;
				INFOPLIST_FILE = Flix/Info.plist;
				LD_RUNPATH_SEARCH_PATHS = (
					"$(inherited)",
					"@executable_path/Frameworks",
				);
				PRODUCT_BUNDLE_IDENTIFIER = memo.Flix;
				PRODUCT_NAME = "$(TARGET_NAME)";
				SWIFT_VERSION = 5.0;
				TARGETED_DEVICE_FAMILY = "1,2";
			};
			name = Debug;
		};
		6EA4AEA626F9126F009B3EF1 /* Release */ = {
			isa = XCBuildConfiguration;
			baseConfigurationReference = 15FFBF14A5345194C70ACFC7 /* Pods-Flix.release.xcconfig */;
			buildSettings = {
				ASSETCATALOG_COMPILER_APPICON_NAME = AppIcon;
				CODE_SIGN_STYLE = Automatic;
				INFOPLIST_FILE = Flix/Info.plist;
				LD_RUNPATH_SEARCH_PATHS = (
					"$(inherited)",
					"@executable_path/Frameworks",
				);
				PRODUCT_BUNDLE_IDENTIFIER = memo.Flix;
				PRODUCT_NAME = "$(TARGET_NAME)";
				SWIFT_VERSION = 5.0;
				TARGETED_DEVICE_FAMILY = "1,2";
			};
			name = Release;
		};
		6EA4AEA826F9126F009B3EF1 /* Debug */ = {
			isa = XCBuildConfiguration;
			baseConfigurationReference = 644884BFA7C5179F88A7A50B /* Pods-FlixTests.debug.xcconfig */;
			buildSettings = {
				ALWAYS_EMBED_SWIFT_STANDARD_LIBRARIES = YES;
				BUNDLE_LOADER = "$(TEST_HOST)";
				CODE_SIGN_STYLE = Automatic;
				INFOPLIST_FILE = FlixTests/Info.plist;
				IPHONEOS_DEPLOYMENT_TARGET = 13.2;
				LD_RUNPATH_SEARCH_PATHS = (
					"$(inherited)",
					"@executable_path/Frameworks",
					"@loader_path/Frameworks",
				);
				PRODUCT_BUNDLE_IDENTIFIER = memo.FlixTests;
				PRODUCT_NAME = "$(TARGET_NAME)";
				SWIFT_VERSION = 5.0;
				TARGETED_DEVICE_FAMILY = "1,2";
				TEST_HOST = "$(BUILT_PRODUCTS_DIR)/Flix.app/Flix";
			};
			name = Debug;
		};
		6EA4AEA926F9126F009B3EF1 /* Release */ = {
			isa = XCBuildConfiguration;
			baseConfigurationReference = 453CA6BAE18E5F6DF1F28A86 /* Pods-FlixTests.release.xcconfig */;
			buildSettings = {
				ALWAYS_EMBED_SWIFT_STANDARD_LIBRARIES = YES;
				BUNDLE_LOADER = "$(TEST_HOST)";
				CODE_SIGN_STYLE = Automatic;
				INFOPLIST_FILE = FlixTests/Info.plist;
				IPHONEOS_DEPLOYMENT_TARGET = 13.2;
				LD_RUNPATH_SEARCH_PATHS = (
					"$(inherited)",
					"@executable_path/Frameworks",
					"@loader_path/Frameworks",
				);
				PRODUCT_BUNDLE_IDENTIFIER = memo.FlixTests;
				PRODUCT_NAME = "$(TARGET_NAME)";
				SWIFT_VERSION = 5.0;
				TARGETED_DEVICE_FAMILY = "1,2";
				TEST_HOST = "$(BUILT_PRODUCTS_DIR)/Flix.app/Flix";
			};
			name = Release;
		};
		6EA4AEAB26F9126F009B3EF1 /* Debug */ = {
			isa = XCBuildConfiguration;
			baseConfigurationReference = 0237113474ACEEBF4A62B2CC /* Pods-Flix-FlixUITests.debug.xcconfig */;
			buildSettings = {
				ALWAYS_EMBED_SWIFT_STANDARD_LIBRARIES = YES;
				CODE_SIGN_STYLE = Automatic;
				INFOPLIST_FILE = FlixUITests/Info.plist;
				LD_RUNPATH_SEARCH_PATHS = (
					"$(inherited)",
					"@executable_path/Frameworks",
					"@loader_path/Frameworks",
				);
				PRODUCT_BUNDLE_IDENTIFIER = memo.FlixUITests;
				PRODUCT_NAME = "$(TARGET_NAME)";
				SWIFT_VERSION = 5.0;
				TARGETED_DEVICE_FAMILY = "1,2";
				TEST_TARGET_NAME = Flix;
			};
			name = Debug;
		};
		6EA4AEAC26F9126F009B3EF1 /* Release */ = {
			isa = XCBuildConfiguration;
			baseConfigurationReference = C40933FF38C67B5CCB066F04 /* Pods-Flix-FlixUITests.release.xcconfig */;
			buildSettings = {
				ALWAYS_EMBED_SWIFT_STANDARD_LIBRARIES = YES;
				CODE_SIGN_STYLE = Automatic;
				INFOPLIST_FILE = FlixUITests/Info.plist;
				LD_RUNPATH_SEARCH_PATHS = (
					"$(inherited)",
					"@executable_path/Frameworks",
					"@loader_path/Frameworks",
				);
				PRODUCT_BUNDLE_IDENTIFIER = memo.FlixUITests;
				PRODUCT_NAME = "$(TARGET_NAME)";
				SWIFT_VERSION = 5.0;
				TARGETED_DEVICE_FAMILY = "1,2";
				TEST_TARGET_NAME = Flix;
			};
			name = Release;
		};
/* End XCBuildConfiguration section */

/* Begin XCConfigurationList section */
		6EA4AE7526F9126D009B3EF1 /* Build configuration list for PBXProject "Flix" */ = {
			isa = XCConfigurationList;
			buildConfigurations = (
				6EA4AEA226F9126F009B3EF1 /* Debug */,
				6EA4AEA326F9126F009B3EF1 /* Release */,
			);
			defaultConfigurationIsVisible = 0;
			defaultConfigurationName = Release;
		};
		6EA4AEA426F9126F009B3EF1 /* Build configuration list for PBXNativeTarget "Flix" */ = {
			isa = XCConfigurationList;
			buildConfigurations = (
				6EA4AEA526F9126F009B3EF1 /* Debug */,
				6EA4AEA626F9126F009B3EF1 /* Release */,
			);
			defaultConfigurationIsVisible = 0;
			defaultConfigurationName = Release;
		};
		6EA4AEA726F9126F009B3EF1 /* Build configuration list for PBXNativeTarget "FlixTests" */ = {
			isa = XCConfigurationList;
			buildConfigurations = (
				6EA4AEA826F9126F009B3EF1 /* Debug */,
				6EA4AEA926F9126F009B3EF1 /* Release */,
			);
			defaultConfigurationIsVisible = 0;
			defaultConfigurationName = Release;
		};
		6EA4AEAA26F9126F009B3EF1 /* Build configuration list for PBXNativeTarget "FlixUITests" */ = {
			isa = XCConfigurationList;
			buildConfigurations = (
				6EA4AEAB26F9126F009B3EF1 /* Debug */,
				6EA4AEAC26F9126F009B3EF1 /* Release */,
			);
			defaultConfigurationIsVisible = 0;
			defaultConfigurationName = Release;
		};
/* End XCConfigurationList section */

/* Begin XCRemoteSwiftPackageReference section */
		6E87A0A626FA66E800D10971 /* XCRemoteSwiftPackageReference "AlamofireImage" */ = {
			isa = XCRemoteSwiftPackageReference;
			repositoryURL = "https://github.com/Alamofire/AlamofireImage";
			requirement = {
				kind = upToNextMajorVersion;
				minimumVersion = 4.2.0;
			};
		};
/* End XCRemoteSwiftPackageReference section */

/* Begin XCSwiftPackageProductDependency section */
		6E87A0A726FA66E800D10971 /* AlamofireImage */ = {
			isa = XCSwiftPackageProductDependency;
			package = 6E87A0A626FA66E800D10971 /* XCRemoteSwiftPackageReference "AlamofireImage" */;
			productName = AlamofireImage;
		};
/* End XCSwiftPackageProductDependency section */
	};
	rootObject = 6EA4AE7226F9126D009B3EF1 /* Project object */;
}
